// !$*UTF8*$!
{
	archiveVersion = 1;
	classes = {
	};
	objectVersion = 46;
	objects = {

/* Begin PBXBuildFile section */
		2A3A336E1E0129D0005A2E43 /* main.m in Sources */ = {isa = PBXBuildFile; fileRef = 2A3A336D1E0129D0005A2E43 /* main.m */; };
		2A3A33711E0129D0005A2E43 /* AppDelegate.m in Sources */ = {isa = PBXBuildFile; fileRef = 2A3A33701E0129D0005A2E43 /* AppDelegate.m */; };
		2A3A33741E0129D1005A2E43 /* ViewController.m in Sources */ = {isa = PBXBuildFile; fileRef = 2A3A33731E0129D1005A2E43 /* ViewController.m */; };
		2A3A33771E0129D1005A2E43 /* Main.storyboard in Resources */ = {isa = PBXBuildFile; fileRef = 2A3A33751E0129D1005A2E43 /* Main.storyboard */; };
		2A3A33791E0129D1005A2E43 /* Assets.xcassets in Resources */ = {isa = PBXBuildFile; fileRef = 2A3A33781E0129D1005A2E43 /* Assets.xcassets */; };
		2A3A337C1E0129D1005A2E43 /* LaunchScreen.storyboard in Resources */ = {isa = PBXBuildFile; fileRef = 2A3A337A1E0129D1005A2E43 /* LaunchScreen.storyboard */; };
		2A3A33871E0129D2005A2E43 /* VPMenstruationDemoTests.m in Sources */ = {isa = PBXBuildFile; fileRef = 2A3A33861E0129D2005A2E43 /* VPMenstruationDemoTests.m */; };
		2A3A33921E0129D2005A2E43 /* VPMenstruationDemoUITests.m in Sources */ = {isa = PBXBuildFile; fileRef = 2A3A33911E0129D2005A2E43 /* VPMenstruationDemoUITests.m */; };
		2A3A33A61E0131A1005A2E43 /* RMShowViewController.m in Sources */ = {isa = PBXBuildFile; fileRef = 2A3A33A51E0131A1005A2E43 /* RMShowViewController.m */; };
		2A3A33A91E0131BA005A2E43 /* PergnantViewController.m in Sources */ = {isa = PBXBuildFile; fileRef = 2A3A33A81E0131BA005A2E43 /* PergnantViewController.m */; };
		2A3A33AC1E0131CA005A2E43 /* PregnancyViewController.m in Sources */ = {isa = PBXBuildFile; fileRef = 2A3A33AB1E0131CA005A2E43 /* PregnancyViewController.m */; };
		2A3A33CD1E013364005A2E43 /* FSCalendar+Deprecated.m in Sources */ = {isa = PBXBuildFile; fileRef = 2A3A33AE1E013364005A2E43 /* FSCalendar+Deprecated.m */; };
		2A3A33CE1E013364005A2E43 /* FSCalendar.m in Sources */ = {isa = PBXBuildFile; fileRef = 2A3A33B01E013364005A2E43 /* FSCalendar.m */; };
		2A3A33CF1E013364005A2E43 /* FSCalendarAnimator.m in Sources */ = {isa = PBXBuildFile; fileRef = 2A3A33B21E013364005A2E43 /* FSCalendarAnimator.m */; };
		2A3A33D01E013364005A2E43 /* FSCalendarAppearance.m in Sources */ = {isa = PBXBuildFile; fileRef = 2A3A33B41E013364005A2E43 /* FSCalendarAppearance.m */; };
		2A3A33D11E013364005A2E43 /* FSCalendarCalculator.m in Sources */ = {isa = PBXBuildFile; fileRef = 2A3A33B61E013364005A2E43 /* FSCalendarCalculator.m */; };
		2A3A33D21E013364005A2E43 /* FSCalendarCell.m in Sources */ = {isa = PBXBuildFile; fileRef = 2A3A33B81E013364005A2E43 /* FSCalendarCell.m */; };
		2A3A33D31E013364005A2E43 /* FSCalendarCollectionView.m in Sources */ = {isa = PBXBuildFile; fileRef = 2A3A33BA1E013364005A2E43 /* FSCalendarCollectionView.m */; };
		2A3A33D41E013364005A2E43 /* FSCalendarCollectionViewLayout.m in Sources */ = {isa = PBXBuildFile; fileRef = 2A3A33BC1E013364005A2E43 /* FSCalendarCollectionViewLayout.m */; };
		2A3A33D51E013364005A2E43 /* FSCalendarConstants.m in Sources */ = {isa = PBXBuildFile; fileRef = 2A3A33BE1E013364005A2E43 /* FSCalendarConstants.m */; };
		2A3A33D61E013364005A2E43 /* FSCalendarDelegateProxy.m in Sources */ = {isa = PBXBuildFile; fileRef = 2A3A33C01E013364005A2E43 /* FSCalendarDelegateProxy.m */; };
		2A3A33D71E013364005A2E43 /* FSCalendarExtensions.m in Sources */ = {isa = PBXBuildFile; fileRef = 2A3A33C31E013364005A2E43 /* FSCalendarExtensions.m */; };
		2A3A33D81E013364005A2E43 /* FSCalendarHeaderView.m in Sources */ = {isa = PBXBuildFile; fileRef = 2A3A33C51E013364005A2E43 /* FSCalendarHeaderView.m */; };
		2A3A33D91E013364005A2E43 /* FSCalendarScopeHandle.m in Sources */ = {isa = PBXBuildFile; fileRef = 2A3A33C71E013364005A2E43 /* FSCalendarScopeHandle.m */; };
		2A3A33DA1E013364005A2E43 /* FSCalendarStickyHeader.m in Sources */ = {isa = PBXBuildFile; fileRef = 2A3A33C91E013364005A2E43 /* FSCalendarStickyHeader.m */; };
		2A3A33DB1E013364005A2E43 /* FSCalendarWeekdayView.m in Sources */ = {isa = PBXBuildFile; fileRef = 2A3A33CB1E013364005A2E43 /* FSCalendarWeekdayView.m */; };
		2A3A33DC1E013364005A2E43 /* Info.plist in Resources */ = {isa = PBXBuildFile; fileRef = 2A3A33CC1E013364005A2E43 /* Info.plist */; };
/* End PBXBuildFile section */

/* Begin PBXContainerItemProxy section */
		2A3A33831E0129D2005A2E43 /* PBXContainerItemProxy */ = {
			isa = PBXContainerItemProxy;
			containerPortal = 2A3A33611E0129CF005A2E43 /* Project object */;
			proxyType = 1;
			remoteGlobalIDString = 2A3A33681E0129D0005A2E43;
			remoteInfo = VPMenstruationDemo;
		};
		2A3A338E1E0129D2005A2E43 /* PBXContainerItemProxy */ = {
			isa = PBXContainerItemProxy;
			containerPortal = 2A3A33611E0129CF005A2E43 /* Project object */;
			proxyType = 1;
			remoteGlobalIDString = 2A3A33681E0129D0005A2E43;
			remoteInfo = VPMenstruationDemo;
		};
/* End PBXContainerItemProxy section */

/* Begin PBXFileReference section */
		2A3A33691E0129D0005A2E43 /* VPMenstruationDemo.app */ = {isa = PBXFileReference; explicitFileType = wrapper.application; includeInIndex = 0; path = VPMenstruationDemo.app; sourceTree = BUILT_PRODUCTS_DIR; };
		2A3A336D1E0129D0005A2E43 /* main.m */ = {isa = PBXFileReference; lastKnownFileType = sourcecode.c.objc; path = main.m; sourceTree = "<group>"; };
		2A3A336F1E0129D0005A2E43 /* AppDelegate.h */ = {isa = PBXFileReference; lastKnownFileType = sourcecode.c.h; path = AppDelegate.h; sourceTree = "<group>"; };
		2A3A33701E0129D0005A2E43 /* AppDelegate.m */ = {isa = PBXFileReference; lastKnownFileType = sourcecode.c.objc; path = AppDelegate.m; sourceTree = "<group>"; };
		2A3A33721E0129D1005A2E43 /* ViewController.h */ = {isa = PBXFileReference; lastKnownFileType = sourcecode.c.h; path = ViewController.h; sourceTree = "<group>"; };
		2A3A33731E0129D1005A2E43 /* ViewController.m */ = {isa = PBXFileReference; lastKnownFileType = sourcecode.c.objc; path = ViewController.m; sourceTree = "<group>"; };
		2A3A33761E0129D1005A2E43 /* Base */ = {isa = PBXFileReference; lastKnownFileType = file.storyboard; name = Base; path = Base.lproj/Main.storyboard; sourceTree = "<group>"; };
		2A3A33781E0129D1005A2E43 /* Assets.xcassets */ = {isa = PBXFileReference; lastKnownFileType = folder.assetcatalog; path = Assets.xcassets; sourceTree = "<group>"; };
		2A3A337B1E0129D1005A2E43 /* Base */ = {isa = PBXFileReference; lastKnownFileType = file.storyboard; name = Base; path = Base.lproj/LaunchScreen.storyboard; sourceTree = "<group>"; };
		2A3A337D1E0129D2005A2E43 /* Info.plist */ = {isa = PBXFileReference; lastKnownFileType = text.plist.xml; path = Info.plist; sourceTree = "<group>"; };
		2A3A33821E0129D2005A2E43 /* VPMenstruationDemoTests.xctest */ = {isa = PBXFileReference; explicitFileType = wrapper.cfbundle; includeInIndex = 0; path = VPMenstruationDemoTests.xctest; sourceTree = BUILT_PRODUCTS_DIR; };
		2A3A33861E0129D2005A2E43 /* VPMenstruationDemoTests.m */ = {isa = PBXFileReference; lastKnownFileType = sourcecode.c.objc; path = VPMenstruationDemoTests.m; sourceTree = "<group>"; };
		2A3A33881E0129D2005A2E43 /* Info.plist */ = {isa = PBXFileReference; lastKnownFileType = text.plist.xml; path = Info.plist; sourceTree = "<group>"; };
		2A3A338D1E0129D2005A2E43 /* VPMenstruationDemoUITests.xctest */ = {isa = PBXFileReference; explicitFileType = wrapper.cfbundle; includeInIndex = 0; path = VPMenstruationDemoUITests.xctest; sourceTree = BUILT_PRODUCTS_DIR; };
		2A3A33911E0129D2005A2E43 /* VPMenstruationDemoUITests.m */ = {isa = PBXFileReference; lastKnownFileType = sourcecode.c.objc; path = VPMenstruationDemoUITests.m; sourceTree = "<group>"; };
		2A3A33931E0129D2005A2E43 /* Info.plist */ = {isa = PBXFileReference; lastKnownFileType = text.plist.xml; path = Info.plist; sourceTree = "<group>"; };
		2A3A33A41E0131A1005A2E43 /* RMShowViewController.h */ = {isa = PBXFileReference; fileEncoding = 4; lastKnownFileType = sourcecode.c.h; path = RMShowViewController.h; sourceTree = "<group>"; };
		2A3A33A51E0131A1005A2E43 /* RMShowViewController.m */ = {isa = PBXFileReference; fileEncoding = 4; lastKnownFileType = sourcecode.c.objc; path = RMShowViewController.m; sourceTree = "<group>"; };
		2A3A33A71E0131BA005A2E43 /* PergnantViewController.h */ = {isa = PBXFileReference; fileEncoding = 4; lastKnownFileType = sourcecode.c.h; path = PergnantViewController.h; sourceTree = "<group>"; };
		2A3A33A81E0131BA005A2E43 /* PergnantViewController.m */ = {isa = PBXFileReference; fileEncoding = 4; lastKnownFileType = sourcecode.c.objc; path = PergnantViewController.m; sourceTree = "<group>"; };
		2A3A33AA1E0131CA005A2E43 /* PregnancyViewController.h */ = {isa = PBXFileReference; fileEncoding = 4; lastKnownFileType = sourcecode.c.h; path = PregnancyViewController.h; sourceTree = "<group>"; };
		2A3A33AB1E0131CA005A2E43 /* PregnancyViewController.m */ = {isa = PBXFileReference; fileEncoding = 4; lastKnownFileType = sourcecode.c.objc; path = PregnancyViewController.m; sourceTree = "<group>"; };
		2A3A33AE1E013364005A2E43 /* FSCalendar+Deprecated.m */ = {isa = PBXFileReference; fileEncoding = 4; lastKnownFileType = sourcecode.c.objc; path = "FSCalendar+Deprecated.m"; sourceTree = "<group>"; };
		2A3A33AF1E013364005A2E43 /* FSCalendar.h */ = {isa = PBXFileReference; fileEncoding = 4; lastKnownFileType = sourcecode.c.h; path = FSCalendar.h; sourceTree = "<group>"; };
		2A3A33B01E013364005A2E43 /* FSCalendar.m */ = {isa = PBXFileReference; fileEncoding = 4; lastKnownFileType = sourcecode.c.objc; path = FSCalendar.m; sourceTree = "<group>"; };
		2A3A33B11E013364005A2E43 /* FSCalendarAnimator.h */ = {isa = PBXFileReference; fileEncoding = 4; lastKnownFileType = sourcecode.c.h; path = FSCalendarAnimator.h; sourceTree = "<group>"; };
		2A3A33B21E013364005A2E43 /* FSCalendarAnimator.m */ = {isa = PBXFileReference; fileEncoding = 4; lastKnownFileType = sourcecode.c.objc; path = FSCalendarAnimator.m; sourceTree = "<group>"; };
		2A3A33B31E013364005A2E43 /* FSCalendarAppearance.h */ = {isa = PBXFileReference; fileEncoding = 4; lastKnownFileType = sourcecode.c.h; path = FSCalendarAppearance.h; sourceTree = "<group>"; };
		2A3A33B41E013364005A2E43 /* FSCalendarAppearance.m */ = {isa = PBXFileReference; fileEncoding = 4; lastKnownFileType = sourcecode.c.objc; path = FSCalendarAppearance.m; sourceTree = "<group>"; };
		2A3A33B51E013364005A2E43 /* FSCalendarCalculator.h */ = {isa = PBXFileReference; fileEncoding = 4; lastKnownFileType = sourcecode.c.h; path = FSCalendarCalculator.h; sourceTree = "<group>"; };
		2A3A33B61E013364005A2E43 /* FSCalendarCalculator.m */ = {isa = PBXFileReference; fileEncoding = 4; lastKnownFileType = sourcecode.c.objc; path = FSCalendarCalculator.m; sourceTree = "<group>"; };
		2A3A33B71E013364005A2E43 /* FSCalendarCell.h */ = {isa = PBXFileReference; fileEncoding = 4; lastKnownFileType = sourcecode.c.h; path = FSCalendarCell.h; sourceTree = "<group>"; };
		2A3A33B81E013364005A2E43 /* FSCalendarCell.m */ = {isa = PBXFileReference; fileEncoding = 4; lastKnownFileType = sourcecode.c.objc; path = FSCalendarCell.m; sourceTree = "<group>"; };
		2A3A33B91E013364005A2E43 /* FSCalendarCollectionView.h */ = {isa = PBXFileReference; fileEncoding = 4; lastKnownFileType = sourcecode.c.h; path = FSCalendarCollectionView.h; sourceTree = "<group>"; };
		2A3A33BA1E013364005A2E43 /* FSCalendarCollectionView.m */ = {isa = PBXFileReference; fileEncoding = 4; lastKnownFileType = sourcecode.c.objc; path = FSCalendarCollectionView.m; sourceTree = "<group>"; };
		2A3A33BB1E013364005A2E43 /* FSCalendarCollectionViewLayout.h */ = {isa = PBXFileReference; fileEncoding = 4; lastKnownFileType = sourcecode.c.h; path = FSCalendarCollectionViewLayout.h; sourceTree = "<group>"; };
		2A3A33BC1E013364005A2E43 /* FSCalendarCollectionViewLayout.m */ = {isa = PBXFileReference; fileEncoding = 4; lastKnownFileType = sourcecode.c.objc; path = FSCalendarCollectionViewLayout.m; sourceTree = "<group>"; };
		2A3A33BD1E013364005A2E43 /* FSCalendarConstants.h */ = {isa = PBXFileReference; fileEncoding = 4; lastKnownFileType = sourcecode.c.h; path = FSCalendarConstants.h; sourceTree = "<group>"; };
		2A3A33BE1E013364005A2E43 /* FSCalendarConstants.m */ = {isa = PBXFileReference; fileEncoding = 4; lastKnownFileType = sourcecode.c.objc; path = FSCalendarConstants.m; sourceTree = "<group>"; };
		2A3A33BF1E013364005A2E43 /* FSCalendarDelegateProxy.h */ = {isa = PBXFileReference; fileEncoding = 4; lastKnownFileType = sourcecode.c.h; path = FSCalendarDelegateProxy.h; sourceTree = "<group>"; };
		2A3A33C01E013364005A2E43 /* FSCalendarDelegateProxy.m */ = {isa = PBXFileReference; fileEncoding = 4; lastKnownFileType = sourcecode.c.objc; path = FSCalendarDelegateProxy.m; sourceTree = "<group>"; };
		2A3A33C11E013364005A2E43 /* FSCalendarDynamicHeader.h */ = {isa = PBXFileReference; fileEncoding = 4; lastKnownFileType = sourcecode.c.h; path = FSCalendarDynamicHeader.h; sourceTree = "<group>"; };
		2A3A33C21E013364005A2E43 /* FSCalendarExtensions.h */ = {isa = PBXFileReference; fileEncoding = 4; lastKnownFileType = sourcecode.c.h; path = FSCalendarExtensions.h; sourceTree = "<group>"; };
		2A3A33C31E013364005A2E43 /* FSCalendarExtensions.m */ = {isa = PBXFileReference; fileEncoding = 4; lastKnownFileType = sourcecode.c.objc; path = FSCalendarExtensions.m; sourceTree = "<group>"; };
		2A3A33C41E013364005A2E43 /* FSCalendarHeaderView.h */ = {isa = PBXFileReference; fileEncoding = 4; lastKnownFileType = sourcecode.c.h; path = FSCalendarHeaderView.h; sourceTree = "<group>"; };
		2A3A33C51E013364005A2E43 /* FSCalendarHeaderView.m */ = {isa = PBXFileReference; fileEncoding = 4; lastKnownFileType = sourcecode.c.objc; path = FSCalendarHeaderView.m; sourceTree = "<group>"; };
		2A3A33C61E013364005A2E43 /* FSCalendarScopeHandle.h */ = {isa = PBXFileReference; fileEncoding = 4; lastKnownFileType = sourcecode.c.h; path = FSCalendarScopeHandle.h; sourceTree = "<group>"; };
		2A3A33C71E013364005A2E43 /* FSCalendarScopeHandle.m */ = {isa = PBXFileReference; fileEncoding = 4; lastKnownFileType = sourcecode.c.objc; path = FSCalendarScopeHandle.m; sourceTree = "<group>"; };
		2A3A33C81E013364005A2E43 /* FSCalendarStickyHeader.h */ = {isa = PBXFileReference; fileEncoding = 4; lastKnownFileType = sourcecode.c.h; path = FSCalendarStickyHeader.h; sourceTree = "<group>"; };
		2A3A33C91E013364005A2E43 /* FSCalendarStickyHeader.m */ = {isa = PBXFileReference; fileEncoding = 4; lastKnownFileType = sourcecode.c.objc; path = FSCalendarStickyHeader.m; sourceTree = "<group>"; };
		2A3A33CA1E013364005A2E43 /* FSCalendarWeekdayView.h */ = {isa = PBXFileReference; fileEncoding = 4; lastKnownFileType = sourcecode.c.h; path = FSCalendarWeekdayView.h; sourceTree = "<group>"; };
		2A3A33CB1E013364005A2E43 /* FSCalendarWeekdayView.m */ = {isa = PBXFileReference; fileEncoding = 4; lastKnownFileType = sourcecode.c.objc; path = FSCalendarWeekdayView.m; sourceTree = "<group>"; };
		2A3A33CC1E013364005A2E43 /* Info.plist */ = {isa = PBXFileReference; fileEncoding = 4; lastKnownFileType = text.plist.xml; path = Info.plist; sourceTree = "<group>"; };
/* End PBXFileReference section */

/* Begin PBXFrameworksBuildPhase section */
		2A3A33661E0129D0005A2E43 /* Frameworks */ = {
			isa = PBXFrameworksBuildPhase;
			buildActionMask = 2147483647;
			files = (
			);
			runOnlyForDeploymentPostprocessing = 0;
		};
		2A3A337F1E0129D2005A2E43 /* Frameworks */ = {
			isa = PBXFrameworksBuildPhase;
			buildActionMask = 2147483647;
			files = (
			);
			runOnlyForDeploymentPostprocessing = 0;
		};
		2A3A338A1E0129D2005A2E43 /* Frameworks */ = {
			isa = PBXFrameworksBuildPhase;
			buildActionMask = 2147483647;
			files = (
			);
			runOnlyForDeploymentPostprocessing = 0;
		};
/* End PBXFrameworksBuildPhase section */

/* Begin PBXGroup section */
		2A3A33601E0129CF005A2E43 = {
			isa = PBXGroup;
			children = (
				2A3A336B1E0129D0005A2E43 /* VPMenstruationDemo */,
				2A3A33851E0129D2005A2E43 /* VPMenstruationDemoTests */,
				2A3A33901E0129D2005A2E43 /* VPMenstruationDemoUITests */,
				2A3A336A1E0129D0005A2E43 /* Products */,
			);
			sourceTree = "<group>";
		};
		2A3A336A1E0129D0005A2E43 /* Products */ = {
			isa = PBXGroup;
			children = (
				2A3A33691E0129D0005A2E43 /* VPMenstruationDemo.app */,
				2A3A33821E0129D2005A2E43 /* VPMenstruationDemoTests.xctest */,
				2A3A338D1E0129D2005A2E43 /* VPMenstruationDemoUITests.xctest */,
			);
			name = Products;
			sourceTree = "<group>";
		};
		2A3A336B1E0129D0005A2E43 /* VPMenstruationDemo */ = {
			isa = PBXGroup;
			children = (
				2A3A336F1E0129D0005A2E43 /* AppDelegate.h */,
				2A3A33701E0129D0005A2E43 /* AppDelegate.m */,
				2A3A33721E0129D1005A2E43 /* ViewController.h */,
				2A3A33731E0129D1005A2E43 /* ViewController.m */,
				2A3A33A31E012AC2005A2E43 /* Record、Mother */,
				2A3A33A01E012AAD005A2E43 /* Pergnant */,
				2A3A33A11E012AAD005A2E43 /* Pregnancy */,
				2A3A33AD1E013364005A2E43 /* FSCalendar */,
				2A3A336C1E0129D0005A2E43 /* Supporting Files */,
			);
			path = VPMenstruationDemo;
			sourceTree = "<group>";
		};
		2A3A336C1E0129D0005A2E43 /* Supporting Files */ = {
			isa = PBXGroup;
			children = (
				2A3A33751E0129D1005A2E43 /* Main.storyboard */,
				2A3A33781E0129D1005A2E43 /* Assets.xcassets */,
				2A3A337A1E0129D1005A2E43 /* LaunchScreen.storyboard */,
				2A3A337D1E0129D2005A2E43 /* Info.plist */,
				2A3A336D1E0129D0005A2E43 /* main.m */,
			);
			name = "Supporting Files";
			sourceTree = "<group>";
		};
		2A3A33851E0129D2005A2E43 /* VPMenstruationDemoTests */ = {
			isa = PBXGroup;
			children = (
				2A3A33861E0129D2005A2E43 /* VPMenstruationDemoTests.m */,
				2A3A33881E0129D2005A2E43 /* Info.plist */,
			);
			path = VPMenstruationDemoTests;
			sourceTree = "<group>";
		};
		2A3A33901E0129D2005A2E43 /* VPMenstruationDemoUITests */ = {
			isa = PBXGroup;
			children = (
				2A3A33911E0129D2005A2E43 /* VPMenstruationDemoUITests.m */,
				2A3A33931E0129D2005A2E43 /* Info.plist */,
			);
			path = VPMenstruationDemoUITests;
			sourceTree = "<group>";
		};
		2A3A33A01E012AAD005A2E43 /* Pergnant */ = {
			isa = PBXGroup;
			children = (
				2A3A33A71E0131BA005A2E43 /* PergnantViewController.h */,
				2A3A33A81E0131BA005A2E43 /* PergnantViewController.m */,
			);
			path = Pergnant;
			sourceTree = "<group>";
		};
		2A3A33A11E012AAD005A2E43 /* Pregnancy */ = {
			isa = PBXGroup;
			children = (
				2A3A33AA1E0131CA005A2E43 /* PregnancyViewController.h */,
				2A3A33AB1E0131CA005A2E43 /* PregnancyViewController.m */,
			);
			path = Pregnancy;
			sourceTree = "<group>";
		};
		2A3A33A31E012AC2005A2E43 /* Record、Mother */ = {
			isa = PBXGroup;
			children = (
				2A3A33A41E0131A1005A2E43 /* RMShowViewController.h */,
				2A3A33A51E0131A1005A2E43 /* RMShowViewController.m */,
			);
			path = "Record、Mother";
			sourceTree = "<group>";
		};
		2A3A33AD1E013364005A2E43 /* FSCalendar */ = {
			isa = PBXGroup;
			children = (
				2A3A33AE1E013364005A2E43 /* FSCalendar+Deprecated.m */,
				2A3A33AF1E013364005A2E43 /* FSCalendar.h */,
				2A3A33B01E013364005A2E43 /* FSCalendar.m */,
				2A3A33B11E013364005A2E43 /* FSCalendarAnimator.h */,
				2A3A33B21E013364005A2E43 /* FSCalendarAnimator.m */,
				2A3A33B31E013364005A2E43 /* FSCalendarAppearance.h */,
				2A3A33B41E013364005A2E43 /* FSCalendarAppearance.m */,
				2A3A33B51E013364005A2E43 /* FSCalendarCalculator.h */,
				2A3A33B61E013364005A2E43 /* FSCalendarCalculator.m */,
				2A3A33B71E013364005A2E43 /* FSCalendarCell.h */,
				2A3A33B81E013364005A2E43 /* FSCalendarCell.m */,
				2A3A33B91E013364005A2E43 /* FSCalendarCollectionView.h */,
				2A3A33BA1E013364005A2E43 /* FSCalendarCollectionView.m */,
				2A3A33BB1E013364005A2E43 /* FSCalendarCollectionViewLayout.h */,
				2A3A33BC1E013364005A2E43 /* FSCalendarCollectionViewLayout.m */,
				2A3A33BD1E013364005A2E43 /* FSCalendarConstants.h */,
				2A3A33BE1E013364005A2E43 /* FSCalendarConstants.m */,
				2A3A33BF1E013364005A2E43 /* FSCalendarDelegateProxy.h */,
				2A3A33C01E013364005A2E43 /* FSCalendarDelegateProxy.m */,
				2A3A33C11E013364005A2E43 /* FSCalendarDynamicHeader.h */,
				2A3A33C21E013364005A2E43 /* FSCalendarExtensions.h */,
				2A3A33C31E013364005A2E43 /* FSCalendarExtensions.m */,
				2A3A33C41E013364005A2E43 /* FSCalendarHeaderView.h */,
				2A3A33C51E013364005A2E43 /* FSCalendarHeaderView.m */,
				2A3A33C61E013364005A2E43 /* FSCalendarScopeHandle.h */,
				2A3A33C71E013364005A2E43 /* FSCalendarScopeHandle.m */,
				2A3A33C81E013364005A2E43 /* FSCalendarStickyHeader.h */,
				2A3A33C91E013364005A2E43 /* FSCalendarStickyHeader.m */,
				2A3A33CA1E013364005A2E43 /* FSCalendarWeekdayView.h */,
				2A3A33CB1E013364005A2E43 /* FSCalendarWeekdayView.m */,
				2A3A33CC1E013364005A2E43 /* Info.plist */,
			);
			path = FSCalendar;
			sourceTree = "<group>";
		};
/* End PBXGroup section */

/* Begin PBXNativeTarget section */
		2A3A33681E0129D0005A2E43 /* VPMenstruationDemo */ = {
			isa = PBXNativeTarget;
			buildConfigurationList = 2A3A33961E0129D2005A2E43 /* Build configuration list for PBXNativeTarget "VPMenstruationDemo" */;
			buildPhases = (
				2A3A33651E0129D0005A2E43 /* Sources */,
				2A3A33661E0129D0005A2E43 /* Frameworks */,
				2A3A33671E0129D0005A2E43 /* Resources */,
			);
			buildRules = (
			);
			dependencies = (
			);
			name = VPMenstruationDemo;
			productName = VPMenstruationDemo;
			productReference = 2A3A33691E0129D0005A2E43 /* VPMenstruationDemo.app */;
			productType = "com.apple.product-type.application";
		};
		2A3A33811E0129D2005A2E43 /* VPMenstruationDemoTests */ = {
			isa = PBXNativeTarget;
			buildConfigurationList = 2A3A33991E0129D2005A2E43 /* Build configuration list for PBXNativeTarget "VPMenstruationDemoTests" */;
			buildPhases = (
				2A3A337E1E0129D2005A2E43 /* Sources */,
				2A3A337F1E0129D2005A2E43 /* Frameworks */,
				2A3A33801E0129D2005A2E43 /* Resources */,
			);
			buildRules = (
			);
			dependencies = (
				2A3A33841E0129D2005A2E43 /* PBXTargetDependency */,
			);
			name = VPMenstruationDemoTests;
			productName = VPMenstruationDemoTests;
			productReference = 2A3A33821E0129D2005A2E43 /* VPMenstruationDemoTests.xctest */;
			productType = "com.apple.product-type.bundle.unit-test";
		};
		2A3A338C1E0129D2005A2E43 /* VPMenstruationDemoUITests */ = {
			isa = PBXNativeTarget;
			buildConfigurationList = 2A3A339C1E0129D2005A2E43 /* Build configuration list for PBXNativeTarget "VPMenstruationDemoUITests" */;
			buildPhases = (
				2A3A33891E0129D2005A2E43 /* Sources */,
				2A3A338A1E0129D2005A2E43 /* Frameworks */,
				2A3A338B1E0129D2005A2E43 /* Resources */,
			);
			buildRules = (
			);
			dependencies = (
				2A3A338F1E0129D2005A2E43 /* PBXTargetDependency */,
			);
			name = VPMenstruationDemoUITests;
			productName = VPMenstruationDemoUITests;
			productReference = 2A3A338D1E0129D2005A2E43 /* VPMenstruationDemoUITests.xctest */;
			productType = "com.apple.product-type.bundle.ui-testing";
		};
/* End PBXNativeTarget section */

/* Begin PBXProject section */
		2A3A33611E0129CF005A2E43 /* Project object */ = {
			isa = PBXProject;
			attributes = {
				LastUpgradeCheck = 0810;
				ORGANIZATIONNAME = "\U001bbbigcd";
				TargetAttributes = {
					2A3A33681E0129D0005A2E43 = {
						CreatedOnToolsVersion = 8.1;
						DevelopmentTeam = 7E2J7CUZTM;
						ProvisioningStyle = Automatic;
					};
					2A3A33811E0129D2005A2E43 = {
						CreatedOnToolsVersion = 8.1;
						DevelopmentTeam = 7E2J7CUZTM;
						ProvisioningStyle = Automatic;
						TestTargetID = 2A3A33681E0129D0005A2E43;
					};
					2A3A338C1E0129D2005A2E43 = {
						CreatedOnToolsVersion = 8.1;
						DevelopmentTeam = 7E2J7CUZTM;
						ProvisioningStyle = Automatic;
						TestTargetID = 2A3A33681E0129D0005A2E43;
					};
				};
			};
			buildConfigurationList = 2A3A33641E0129CF005A2E43 /* Build configuration list for PBXProject "VPMenstruationDemo" */;
			compatibilityVersion = "Xcode 3.2";
			developmentRegion = English;
			hasScannedForEncodings = 0;
			knownRegions = (
				en,
				Base,
			);
			mainGroup = 2A3A33601E0129CF005A2E43;
			productRefGroup = 2A3A336A1E0129D0005A2E43 /* Products */;
			projectDirPath = "";
			projectRoot = "";
			targets = (
				2A3A33681E0129D0005A2E43 /* VPMenstruationDemo */,
				2A3A33811E0129D2005A2E43 /* VPMenstruationDemoTests */,
				2A3A338C1E0129D2005A2E43 /* VPMenstruationDemoUITests */,
			);
		};
/* End PBXProject section */

/* Begin PBXResourcesBuildPhase section */
		2A3A33671E0129D0005A2E43 /* Resources */ = {
			isa = PBXResourcesBuildPhase;
			buildActionMask = 2147483647;
			files = (
				2A3A33DC1E013364005A2E43 /* Info.plist in Resources */,
				2A3A337C1E0129D1005A2E43 /* LaunchScreen.storyboard in Resources */,
				2A3A33791E0129D1005A2E43 /* Assets.xcassets in Resources */,
				2A3A33771E0129D1005A2E43 /* Main.storyboard in Resources */,
			);
			runOnlyForDeploymentPostprocessing = 0;
		};
		2A3A33801E0129D2005A2E43 /* Resources */ = {
			isa = PBXResourcesBuildPhase;
			buildActionMask = 2147483647;
			files = (
			);
			runOnlyForDeploymentPostprocessing = 0;
		};
		2A3A338B1E0129D2005A2E43 /* Resources */ = {
			isa = PBXResourcesBuildPhase;
			buildActionMask = 2147483647;
			files = (
			);
			runOnlyForDeploymentPostprocessing = 0;
		};
/* End PBXResourcesBuildPhase section */

/* Begin PBXSourcesBuildPhase section */
		2A3A33651E0129D0005A2E43 /* Sources */ = {
			isa = PBXSourcesBuildPhase;
			buildActionMask = 2147483647;
			files = (
				2A3A33D11E013364005A2E43 /* FSCalendarCalculator.m in Sources */,
				2A3A33D51E013364005A2E43 /* FSCalendarConstants.m in Sources */,
				2A3A33CF1E013364005A2E43 /* FSCalendarAnimator.m in Sources */,
				2A3A33D41E013364005A2E43 /* FSCalendarCollectionViewLayout.m in Sources */,
				2A3A33D61E013364005A2E43 /* FSCalendarDelegateProxy.m in Sources */,
				2A3A33AC1E0131CA005A2E43 /* PregnancyViewController.m in Sources */,
				2A3A33DA1E013364005A2E43 /* FSCalendarStickyHeader.m in Sources */,
				2A3A33D31E013364005A2E43 /* FSCalendarCollectionView.m in Sources */,
				2A3A33A61E0131A1005A2E43 /* RMShowViewController.m in Sources */,
				2A3A33CE1E013364005A2E43 /* FSCalendar.m in Sources */,
				2A3A33D01E013364005A2E43 /* FSCalendarAppearance.m in Sources */,
				2A3A33D21E013364005A2E43 /* FSCalendarCell.m in Sources */,
				2A3A33D71E013364005A2E43 /* FSCalendarExtensions.m in Sources */,
				2A3A33DB1E013364005A2E43 /* FSCalendarWeekdayView.m in Sources */,
				2A3A33741E0129D1005A2E43 /* ViewController.m in Sources */,
				2A3A33D91E013364005A2E43 /* FSCalendarScopeHandle.m in Sources */,
				2A3A33711E0129D0005A2E43 /* AppDelegate.m in Sources */,
				2A3A33CD1E013364005A2E43 /* FSCalendar+Deprecated.m in Sources */,
				2A3A336E1E0129D0005A2E43 /* main.m in Sources */,
				2A3A33D81E013364005A2E43 /* FSCalendarHeaderView.m in Sources */,
				2A3A33A91E0131BA005A2E43 /* PergnantViewController.m in Sources */,
			);
			runOnlyForDeploymentPostprocessing = 0;
		};
		2A3A337E1E0129D2005A2E43 /* Sources */ = {
			isa = PBXSourcesBuildPhase;
			buildActionMask = 2147483647;
			files = (
				2A3A33871E0129D2005A2E43 /* VPMenstruationDemoTests.m in Sources */,
			);
			runOnlyForDeploymentPostprocessing = 0;
		};
		2A3A33891E0129D2005A2E43 /* Sources */ = {
			isa = PBXSourcesBuildPhase;
			buildActionMask = 2147483647;
			files = (
				2A3A33921E0129D2005A2E43 /* VPMenstruationDemoUITests.m in Sources */,
			);
			runOnlyForDeploymentPostprocessing = 0;
		};
/* End PBXSourcesBuildPhase section */

/* Begin PBXTargetDependency section */
		2A3A33841E0129D2005A2E43 /* PBXTargetDependency */ = {
			isa = PBXTargetDependency;
			target = 2A3A33681E0129D0005A2E43 /* VPMenstruationDemo */;
			targetProxy = 2A3A33831E0129D2005A2E43 /* PBXContainerItemProxy */;
		};
		2A3A338F1E0129D2005A2E43 /* PBXTargetDependency */ = {
			isa = PBXTargetDependency;
			target = 2A3A33681E0129D0005A2E43 /* VPMenstruationDemo */;
			targetProxy = 2A3A338E1E0129D2005A2E43 /* PBXContainerItemProxy */;
		};
/* End PBXTargetDependency section */

/* Begin PBXVariantGroup section */
		2A3A33751E0129D1005A2E43 /* Main.storyboard */ = {
			isa = PBXVariantGroup;
			children = (
				2A3A33761E0129D1005A2E43 /* Base */,
			);
			name = Main.storyboard;
			sourceTree = "<group>";
		};
		2A3A337A1E0129D1005A2E43 /* LaunchScreen.storyboard */ = {
			isa = PBXVariantGroup;
			children = (
				2A3A337B1E0129D1005A2E43 /* Base */,
			);
			name = LaunchScreen.storyboard;
			sourceTree = "<group>";
		};
/* End PBXVariantGroup section */

/* Begin XCBuildConfiguration section */
		2A3A33941E0129D2005A2E43 /* Debug */ = {
			isa = XCBuildConfiguration;
			buildSettings = {
				ALWAYS_SEARCH_USER_PATHS = NO;
				CLANG_ANALYZER_NONNULL = YES;
				CLANG_CXX_LANGUAGE_STANDARD = "gnu++0x";
				CLANG_CXX_LIBRARY = "libc++";
				CLANG_ENABLE_MODULES = YES;
				CLANG_ENABLE_OBJC_ARC = YES;
				CLANG_WARN_BOOL_CONVERSION = YES;
				CLANG_WARN_CONSTANT_CONVERSION = YES;
				CLANG_WARN_DIRECT_OBJC_ISA_USAGE = YES_ERROR;
				CLANG_WARN_DOCUMENTATION_COMMENTS = YES;
				CLANG_WARN_EMPTY_BODY = YES;
				CLANG_WARN_ENUM_CONVERSION = YES;
				CLANG_WARN_INFINITE_RECURSION = YES;
				CLANG_WARN_INT_CONVERSION = YES;
				CLANG_WARN_OBJC_ROOT_CLASS = YES_ERROR;
				CLANG_WARN_SUSPICIOUS_MOVES = YES;
				CLANG_WARN_UNREACHABLE_CODE = YES;
				CLANG_WARN__DUPLICATE_METHOD_MATCH = YES;
				"CODE_SIGN_IDENTITY[sdk=iphoneos*]" = "iPhone Developer";
				COPY_PHASE_STRIP = NO;
				DEBUG_INFORMATION_FORMAT = dwarf;
				ENABLE_STRICT_OBJC_MSGSEND = YES;
				ENABLE_TESTABILITY = YES;
				GCC_C_LANGUAGE_STANDARD = gnu99;
				GCC_DYNAMIC_NO_PIC = NO;
				GCC_NO_COMMON_BLOCKS = YES;
				GCC_OPTIMIZATION_LEVEL = 0;
				GCC_PREPROCESSOR_DEFINITIONS = (
					"DEBUG=1",
					"$(inherited)",
				);
				GCC_WARN_64_TO_32_BIT_CONVERSION = YES;
				GCC_WARN_ABOUT_RETURN_TYPE = YES_ERROR;
				GCC_WARN_UNDECLARED_SELECTOR = YES;
				GCC_WARN_UNINITIALIZED_AUTOS = YES_AGGRESSIVE;
				GCC_WARN_UNUSED_FUNCTION = YES;
				GCC_WARN_UNUSED_VARIABLE = YES;
				IPHONEOS_DEPLOYMENT_TARGET = 10.1;
				MTL_ENABLE_DEBUG_INFO = YES;
				ONLY_ACTIVE_ARCH = YES;
				SDKROOT = iphoneos;
			};
			name = Debug;
		};
		2A3A33951E0129D2005A2E43 /* Release */ = {
			isa = XCBuildConfiguration;
			buildSettings = {
				ALWAYS_SEARCH_USER_PATHS = NO;
				CLANG_ANALYZER_NONNULL = YES;
				CLANG_CXX_LANGUAGE_STANDARD = "gnu++0x";
				CLANG_CXX_LIBRARY = "libc++";
				CLANG_ENABLE_MODULES = YES;
				CLANG_ENABLE_OBJC_ARC = YES;
				CLANG_WARN_BOOL_CONVERSION = YES;
				CLANG_WARN_CONSTANT_CONVERSION = YES;
				CLANG_WARN_DIRECT_OBJC_ISA_USAGE = YES_ERROR;
				CLANG_WARN_DOCUMENTATION_COMMENTS = YES;
				CLANG_WARN_EMPTY_BODY = YES;
				CLANG_WARN_ENUM_CONVERSION = YES;
				CLANG_WARN_INFINITE_RECURSION = YES;
				CLANG_WARN_INT_CONVERSION = YES;
				CLANG_WARN_OBJC_ROOT_CLASS = YES_ERROR;
				CLANG_WARN_SUSPICIOUS_MOVES = YES;
				CLANG_WARN_UNREACHABLE_CODE = YES;
				CLANG_WARN__DUPLICATE_METHOD_MATCH = YES;
				"CODE_SIGN_IDENTITY[sdk=iphoneos*]" = "iPhone Developer";
				COPY_PHASE_STRIP = NO;
				DEBUG_INFORMATION_FORMAT = "dwarf-with-dsym";
				ENABLE_NS_ASSERTIONS = NO;
				ENABLE_STRICT_OBJC_MSGSEND = YES;
				GCC_C_LANGUAGE_STANDARD = gnu99;
				GCC_NO_COMMON_BLOCKS = YES;
				GCC_WARN_64_TO_32_BIT_CONVERSION = YES;
				GCC_WARN_ABOUT_RETURN_TYPE = YES_ERROR;
				GCC_WARN_UNDECLARED_SELECTOR = YES;
				GCC_WARN_UNINITIALIZED_AUTOS = YES_AGGRESSIVE;
				GCC_WARN_UNUSED_FUNCTION = YES;
				GCC_WARN_UNUSED_VARIABLE = YES;
				IPHONEOS_DEPLOYMENT_TARGET = 10.1;
				MTL_ENABLE_DEBUG_INFO = NO;
				SDKROOT = iphoneos;
				VALIDATE_PRODUCT = YES;
			};
			name = Release;
		};
		2A3A33971E0129D2005A2E43 /* Debug */ = {
			isa = XCBuildConfiguration;
			buildSettings = {
				ASSETCATALOG_COMPILER_APPICON_NAME = AppIcon;
				DEVELOPMENT_TEAM = 7E2J7CUZTM;
				INFOPLIST_FILE = VPMenstruationDemo/Info.plist;
				IPHONEOS_DEPLOYMENT_TARGET = 8.0;
				LD_RUNPATH_SEARCH_PATHS = "$(inherited) @executable_path/Frameworks";
				PRODUCT_BUNDLE_IDENTIFIER = bbigcd.VPMenstruationDemo;
				PRODUCT_NAME = "$(TARGET_NAME)";
			};
			name = Debug;
		};
		2A3A33981E0129D2005A2E43 /* Release */ = {
			isa = XCBuildConfiguration;
			buildSettings = {
				ASSETCATALOG_COMPILER_APPICON_NAME = AppIcon;
				DEVELOPMENT_TEAM = 7E2J7CUZTM;
				INFOPLIST_FILE = VPMenstruationDemo/Info.plist;
				IPHONEOS_DEPLOYMENT_TARGET = 8.0;
				LD_RUNPATH_SEARCH_PATHS = "$(inherited) @executable_path/Frameworks";
				PRODUCT_BUNDLE_IDENTIFIER = bbigcd.VPMenstruationDemo;
				PRODUCT_NAME = "$(TARGET_NAME)";
			};
			name = Release;
		};
		2A3A339A1E0129D2005A2E43 /* Debug */ = {
			isa = XCBuildConfiguration;
			buildSettings = {
				BUNDLE_LOADER = "$(TEST_HOST)";
				DEVELOPMENT_TEAM = 7E2J7CUZTM;
				INFOPLIST_FILE = VPMenstruationDemoTests/Info.plist;
				LD_RUNPATH_SEARCH_PATHS = "$(inherited) @executable_path/Frameworks @loader_path/Frameworks";
				PRODUCT_BUNDLE_IDENTIFIER = bbigcd.VPMenstruationDemoTests;
				PRODUCT_NAME = "$(TARGET_NAME)";
				TEST_HOST = "$(BUILT_PRODUCTS_DIR)/VPMenstruationDemo.app/VPMenstruationDemo";
			};
			name = Debug;
		};
		2A3A339B1E0129D2005A2E43 /* Release */ = {
			isa = XCBuildConfiguration;
			buildSettings = {
				BUNDLE_LOADER = "$(TEST_HOST)";
				DEVELOPMENT_TEAM = 7E2J7CUZTM;
				INFOPLIST_FILE = VPMenstruationDemoTests/Info.plist;
				LD_RUNPATH_SEARCH_PATHS = "$(inherited) @executable_path/Frameworks @loader_path/Frameworks";
				PRODUCT_BUNDLE_IDENTIFIER = bbigcd.VPMenstruationDemoTests;
				PRODUCT_NAME = "$(TARGET_NAME)";
				TEST_HOST = "$(BUILT_PRODUCTS_DIR)/VPMenstruationDemo.app/VPMenstruationDemo";
			};
			name = Release;
		};
		2A3A339D1E0129D2005A2E43 /* Debug */ = {
			isa = XCBuildConfiguration;
			buildSettings = {
				DEVELOPMENT_TEAM = 7E2J7CUZTM;
				INFOPLIST_FILE = VPMenstruationDemoUITests/Info.plist;
				LD_RUNPATH_SEARCH_PATHS = "$(inherited) @executable_path/Frameworks @loader_path/Frameworks";
				PRODUCT_BUNDLE_IDENTIFIER = bbigcd.VPMenstruationDemoUITests;
				PRODUCT_NAME = "$(TARGET_NAME)";
				TEST_TARGET_NAME = VPMenstruationDemo;
			};
			name = Debug;
		};
		2A3A339E1E0129D2005A2E43 /* Release */ = {
			isa = XCBuildConfiguration;
			buildSettings = {
				DEVELOPMENT_TEAM = 7E2J7CUZTM;
				INFOPLIST_FILE = VPMenstruationDemoUITests/Info.plist;
				LD_RUNPATH_SEARCH_PATHS = "$(inherited) @executable_path/Frameworks @loader_path/Frameworks";
				PRODUCT_BUNDLE_IDENTIFIER = bbigcd.VPMenstruationDemoUITests;
				PRODUCT_NAME = "$(TARGET_NAME)";
				TEST_TARGET_NAME = VPMenstruationDemo;
			};
			name = Release;
		};
/* End XCBuildConfiguration section */

/* Begin XCConfigurationList section */
		2A3A33641E0129CF005A2E43 /* Build configuration list for PBXProject "VPMenstruationDemo" */ = {
			isa = XCConfigurationList;
			buildConfigurations = (
				2A3A33941E0129D2005A2E43 /* Debug */,
				2A3A33951E0129D2005A2E43 /* Release */,
			);
			defaultConfigurationIsVisible = 0;
			defaultConfigurationName = Release;
		};
		2A3A33961E0129D2005A2E43 /* Build configuration list for PBXNativeTarget "VPMenstruationDemo" */ = {
			isa = XCConfigurationList;
			buildConfigurations = (
				2A3A33971E0129D2005A2E43 /* Debug */,
				2A3A33981E0129D2005A2E43 /* Release */,
			);
			defaultConfigurationIsVisible = 0;
		};
		2A3A33991E0129D2005A2E43 /* Build configuration list for PBXNativeTarget "VPMenstruationDemoTests" */ = {
			isa = XCConfigurationList;
			buildConfigurations = (
				2A3A339A1E0129D2005A2E43 /* Debug */,
				2A3A339B1E0129D2005A2E43 /* Release */,
			);
			defaultConfigurationIsVisible = 0;
		};
		2A3A339C1E0129D2005A2E43 /* Build configuration list for PBXNativeTarget "VPMenstruationDemoUITests" */ = {
			isa = XCConfigurationList;
			buildConfigurations = (
				2A3A339D1E0129D2005A2E43 /* Debug */,
				2A3A339E1E0129D2005A2E43 /* Release */,
			);
			defaultConfigurationIsVisible = 0;
		};
/* End XCConfigurationList section */
	};
	rootObject = 2A3A33611E0129CF005A2E43 /* Project object */;
}
